
Microsoft Visual Studio Solution File, Format Version 11.00
# Visual Studio 2010
Project("{F184B08F-C81C-45F6-A57F-5ABD9991F28F}") = "GranitProd", "GranitProd\GranitProd.vbproj", "{7527C958-BF26-4AAC-84CD-3A9AD8A4EBE4}"
EndProject
Project("{54435603-DBB4-11D2-8724-00A0C9A8B90C}") = "GranitProdSetup", "GranitProdSetup\GranitProdSetup.vdproj", "{D124ACBD-5D89-412E-982E-6D51FC4E18A6}"
EndProject
Global
	GlobalSection(SolutionConfigurationPlatforms) = preSolution
		Debug|x86 = Debug|x86
		Release|x86 = Release|x86
	EndGlobalSection
	GlobalSection(ProjectConfigurationPlatforms) = postSolution
		{7527C958-BF26-4AAC-84CD-3A9AD8A4EBE4}.Debug|x86.ActiveCfg = Debug|x86
		{7527C958-BF26-4AAC-84CD-3A9AD8A4EBE4}.Debug|x86.Build.0 = Debug|x86
		{7527C958-BF26-4AAC-84CD-3A9AD8A4EBE4}.Release|x86.ActiveCfg = Release|x86
		{7527C958-BF26-4AAC-84CD-3A9AD8A4EBE4}.Release|x86.Build.0 = Release|x86
		{D124ACBD-5D89-412E-982E-6D51FC4E18A6}.Debug|x86.ActiveCfg = Debug
		{D124ACBD-5D89-412E-982E-6D51FC4E18A6}.Release|x86.ActiveCfg = Release
	EndGlobalSection
	GlobalSection(SolutionProperties) = preSolution
		HideSolutionNode = FALSE
	EndGlobalSection
EndGlobal
